
Microsoft Visual Studio Solution File, Format Version 12.00
# Visual Studio 2012
Project("{FAE04EC0-301F-11D3-BF4B-00C04F79EFBC}") = "MvcApplication3", "MvcApplication3\MvcApplication3.csproj", "{615CF834-DCC2-4FAA-A640-4327C0C27641}"
EndProject
Global
	GlobalSection(SolutionConfigurationPlatforms) = preSolution
		Debug|Any CPU = Debug|Any CPU
		Release|Any CPU = Release|Any CPU
	EndGlobalSection
	GlobalSection(ProjectConfigurationPlatforms) = postSolution
		{615CF834-DCC2-4FAA-A640-4327C0C27641}.Debug|Any CPU.ActiveCfg = Debug|Any CPU
		{615CF834-DCC2-4FAA-A640-4327C0C27641}.Debug|Any CPU.Build.0 = Debug|Any CPU
		{615CF834-DCC2-4FAA-A640-4327C0C27641}.Release|Any CPU.ActiveCfg = Release|Any CPU
		{615CF834-DCC2-4FAA-A640-4327C0C27641}.Release|Any CPU.Build.0 = Release|Any CPU
	EndGlobalSection
	GlobalSection(SolutionProperties) = preSolution
		HideSolutionNode = FALSE
	EndGlobalSection
EndGlobal
