
Microsoft Visual Studio Solution File, Format Version 12.00
# Visual Studio Version 16
VisualStudioVersion = 16.0.31624.102
MinimumVisualStudioVersion = 10.0.40219.1
Project("{9A19103F-16F7-4668-BE54-9A1E7A4F7556}") = "Blogs.Persistence", "Blogs.Persistence\Blogs.Persistence.csproj", "{9ED23C3D-A561-4C0A-A8BC-27907E1AF976}"
EndProject
Project("{9A19103F-16F7-4668-BE54-9A1E7A4F7556}") = "Blogs.Demo", "Blogs.Demo\Blogs.Demo.csproj", "{FAF5375A-BDFC-470C-AC0B-E6A628B8B0EF}"
EndProject
Project("{9A19103F-16F7-4668-BE54-9A1E7A4F7556}") = "Blogs.DAL", "Blogs.DAL\Blogs.DAL.csproj", "{9BEC4FC2-9093-4E61-BD5A-1ECE94DE6B20}"
EndProject
Project("{9A19103F-16F7-4668-BE54-9A1E7A4F7556}") = "Blogs.BL", "Blogs.BL\Blogs.BL.csproj", "{2B8C0EFF-1FFE-42CA-B323-1CC95176AC41}"
EndProject
Project("{FAE04EC0-301F-11D3-BF4B-00C04F79EFBC}") = "Blogs.ServiceClient", "Blogs.ServiceClient\Blogs.ServiceClient.csproj", "{E19E4BBF-F45F-499C-A638-2CB92EA0446A}"
EndProject
Global
	GlobalSection(SolutionConfigurationPlatforms) = preSolution
		Debug|Any CPU = Debug|Any CPU
		Release|Any CPU = Release|Any CPU
	EndGlobalSection
	GlobalSection(ProjectConfigurationPlatforms) = postSolution
		{9ED23C3D-A561-4C0A-A8BC-27907E1AF976}.Debug|Any CPU.ActiveCfg = Debug|Any CPU
		{9ED23C3D-A561-4C0A-A8BC-27907E1AF976}.Debug|Any CPU.Build.0 = Debug|Any CPU
		{9ED23C3D-A561-4C0A-A8BC-27907E1AF976}.Release|Any CPU.ActiveCfg = Release|Any CPU
		{9ED23C3D-A561-4C0A-A8BC-27907E1AF976}.Release|Any CPU.Build.0 = Release|Any CPU
		{FAF5375A-BDFC-470C-AC0B-E6A628B8B0EF}.Debug|Any CPU.ActiveCfg = Debug|Any CPU
		{FAF5375A-BDFC-470C-AC0B-E6A628B8B0EF}.Debug|Any CPU.Build.0 = Debug|Any CPU
		{FAF5375A-BDFC-470C-AC0B-E6A628B8B0EF}.Release|Any CPU.ActiveCfg = Release|Any CPU
		{FAF5375A-BDFC-470C-AC0B-E6A628B8B0EF}.Release|Any CPU.Build.0 = Release|Any CPU
		{9BEC4FC2-9093-4E61-BD5A-1ECE94DE6B20}.Debug|Any CPU.ActiveCfg = Debug|Any CPU
		{9BEC4FC2-9093-4E61-BD5A-1ECE94DE6B20}.Debug|Any CPU.Build.0 = Debug|Any CPU
		{9BEC4FC2-9093-4E61-BD5A-1ECE94DE6B20}.Release|Any CPU.ActiveCfg = Release|Any CPU
		{9BEC4FC2-9093-4E61-BD5A-1ECE94DE6B20}.Release|Any CPU.Build.0 = Release|Any CPU
		{2B8C0EFF-1FFE-42CA-B323-1CC95176AC41}.Debug|Any CPU.ActiveCfg = Debug|Any CPU
		{2B8C0EFF-1FFE-42CA-B323-1CC95176AC41}.Debug|Any CPU.Build.0 = Debug|Any CPU
		{2B8C0EFF-1FFE-42CA-B323-1CC95176AC41}.Release|Any CPU.ActiveCfg = Release|Any CPU
		{2B8C0EFF-1FFE-42CA-B323-1CC95176AC41}.Release|Any CPU.Build.0 = Release|Any CPU
		{E19E4BBF-F45F-499C-A638-2CB92EA0446A}.Debug|Any CPU.ActiveCfg = Debug|Any CPU
		{E19E4BBF-F45F-499C-A638-2CB92EA0446A}.Debug|Any CPU.Build.0 = Debug|Any CPU
		{E19E4BBF-F45F-499C-A638-2CB92EA0446A}.Release|Any CPU.ActiveCfg = Release|Any CPU
		{E19E4BBF-F45F-499C-A638-2CB92EA0446A}.Release|Any CPU.Build.0 = Release|Any CPU
	EndGlobalSection
	GlobalSection(SolutionProperties) = preSolution
		HideSolutionNode = FALSE
	EndGlobalSection
	GlobalSection(ExtensibilityGlobals) = postSolution
		SolutionGuid = {A55C05FF-0284-4F0C-8633-0929CE3A56E6}
	EndGlobalSection
EndGlobal
