
Microsoft Visual Studio Solution File, Format Version 12.00
# Visual Studio 2012
Project("{FAE04EC0-301F-11D3-BF4B-00C04F79EFBC}") = "Mediateka2", "Mediateka2\Mediateka2.csproj", "{9262D39E-85B2-436C-8818-56E903ABDA42}"
EndProject
Global
	GlobalSection(SolutionConfigurationPlatforms) = preSolution
		Debug|Any CPU = Debug|Any CPU
		Release|Any CPU = Release|Any CPU
	EndGlobalSection
	GlobalSection(ProjectConfigurationPlatforms) = postSolution
		{9262D39E-85B2-436C-8818-56E903ABDA42}.Debug|Any CPU.ActiveCfg = Debug|Any CPU
		{9262D39E-85B2-436C-8818-56E903ABDA42}.Debug|Any CPU.Build.0 = Debug|Any CPU
		{9262D39E-85B2-436C-8818-56E903ABDA42}.Release|Any CPU.ActiveCfg = Release|Any CPU
		{9262D39E-85B2-436C-8818-56E903ABDA42}.Release|Any CPU.Build.0 = Release|Any CPU
	EndGlobalSection
	GlobalSection(SolutionProperties) = preSolution
		HideSolutionNode = FALSE
	EndGlobalSection
EndGlobal
