
Microsoft Visual Studio Solution File, Format Version 12.00
# Visual Studio 2012
Project("{FAE04EC0-301F-11D3-BF4B-00C04F79EFBC}") = "MediaFolder.Core", "MediaFolder.Core\MediaFolder.Core.csproj", "{716DF43F-A05A-4049-9218-78F53B8AF75D}"
EndProject
Project("{FAE04EC0-301F-11D3-BF4B-00C04F79EFBC}") = "MediaFolder.Demo", "MediaFolder.Demo\MediaFolder.Demo.csproj", "{30BFACEA-C066-432B-9C6C-4FE84EFA0E7B}"
EndProject
Global
	GlobalSection(SolutionConfigurationPlatforms) = preSolution
		Debug|Any CPU = Debug|Any CPU
		Release|Any CPU = Release|Any CPU
	EndGlobalSection
	GlobalSection(ProjectConfigurationPlatforms) = postSolution
		{716DF43F-A05A-4049-9218-78F53B8AF75D}.Debug|Any CPU.ActiveCfg = Debug|Any CPU
		{716DF43F-A05A-4049-9218-78F53B8AF75D}.Debug|Any CPU.Build.0 = Debug|Any CPU
		{716DF43F-A05A-4049-9218-78F53B8AF75D}.Release|Any CPU.ActiveCfg = Release|Any CPU
		{716DF43F-A05A-4049-9218-78F53B8AF75D}.Release|Any CPU.Build.0 = Release|Any CPU
		{30BFACEA-C066-432B-9C6C-4FE84EFA0E7B}.Debug|Any CPU.ActiveCfg = Debug|Any CPU
		{30BFACEA-C066-432B-9C6C-4FE84EFA0E7B}.Debug|Any CPU.Build.0 = Debug|Any CPU
		{30BFACEA-C066-432B-9C6C-4FE84EFA0E7B}.Release|Any CPU.ActiveCfg = Release|Any CPU
		{30BFACEA-C066-432B-9C6C-4FE84EFA0E7B}.Release|Any CPU.Build.0 = Release|Any CPU
	EndGlobalSection
	GlobalSection(SolutionProperties) = preSolution
		HideSolutionNode = FALSE
	EndGlobalSection
EndGlobal
