
Microsoft Visual Studio Solution File, Format Version 12.00
# Visual Studio 2012
Project("{FAE04EC0-301F-11D3-BF4B-00C04F79EFBC}") = "BlogISIT.Entities", "BlogISIT.Entities\BlogISIT.Entities.csproj", "{AEDA206B-5892-4C51-B1D1-EC607188D5A6}"
EndProject
Project("{FAE04EC0-301F-11D3-BF4B-00C04F79EFBC}") = "BlogISIT.ConsoleTestClient", "BlogISIT.ConsoleTestClient\BlogISIT.ConsoleTestClient.csproj", "{84A1540E-B6AD-47AC-B08C-73A0000BD3D6}"
	ProjectSection(ProjectDependencies) = postProject
		{AEDA206B-5892-4C51-B1D1-EC607188D5A6} = {AEDA206B-5892-4C51-B1D1-EC607188D5A6}
	EndProjectSection
EndProject
Global
	GlobalSection(SolutionConfigurationPlatforms) = preSolution
		Debug|Any CPU = Debug|Any CPU
		Release|Any CPU = Release|Any CPU
	EndGlobalSection
	GlobalSection(ProjectConfigurationPlatforms) = postSolution
		{AEDA206B-5892-4C51-B1D1-EC607188D5A6}.Debug|Any CPU.ActiveCfg = Debug|Any CPU
		{AEDA206B-5892-4C51-B1D1-EC607188D5A6}.Debug|Any CPU.Build.0 = Debug|Any CPU
		{AEDA206B-5892-4C51-B1D1-EC607188D5A6}.Release|Any CPU.ActiveCfg = Release|Any CPU
		{AEDA206B-5892-4C51-B1D1-EC607188D5A6}.Release|Any CPU.Build.0 = Release|Any CPU
		{84A1540E-B6AD-47AC-B08C-73A0000BD3D6}.Debug|Any CPU.ActiveCfg = Debug|Any CPU
		{84A1540E-B6AD-47AC-B08C-73A0000BD3D6}.Debug|Any CPU.Build.0 = Debug|Any CPU
		{84A1540E-B6AD-47AC-B08C-73A0000BD3D6}.Release|Any CPU.ActiveCfg = Release|Any CPU
		{84A1540E-B6AD-47AC-B08C-73A0000BD3D6}.Release|Any CPU.Build.0 = Release|Any CPU
	EndGlobalSection
	GlobalSection(SolutionProperties) = preSolution
		HideSolutionNode = FALSE
	EndGlobalSection
EndGlobal
