
Microsoft Visual Studio Solution File, Format Version 12.00
# Visual Studio 2012
Project("{FAE04EC0-301F-11D3-BF4B-00C04F79EFBC}") = "EF.Entites", "EF.Entites\EF.Entites.csproj", "{07BAA1BF-32F5-41FC-89CE-6452EB11BD35}"
EndProject
Project("{FAE04EC0-301F-11D3-BF4B-00C04F79EFBC}") = "EF.ConsoleClient", "EF.ConsoleClient\EF.ConsoleClient.csproj", "{3A38C4F1-144D-403D-9EF8-5F9C68EDD08C}"
	ProjectSection(ProjectDependencies) = postProject
		{07BAA1BF-32F5-41FC-89CE-6452EB11BD35} = {07BAA1BF-32F5-41FC-89CE-6452EB11BD35}
	EndProjectSection
EndProject
Project("{FAE04EC0-301F-11D3-BF4B-00C04F79EFBC}") = "EF.DAL", "EF.DAL\EF.DAL.csproj", "{F6506003-DDFF-4454-B6D4-4BBDE7003830}"
EndProject
Project("{FAE04EC0-301F-11D3-BF4B-00C04F79EFBC}") = "BlogService", "BlogService\BlogService.csproj", "{580EA77A-66EE-4D13-A0E2-B282ABABAAA3}"
EndProject
Project("{FAE04EC0-301F-11D3-BF4B-00C04F79EFBC}") = "EF.BL", "EF.BL\EF.BL.csproj", "{F2BD2FDF-BF51-4BCB-A920-80FE351D0E8D}"
EndProject
Project("{FAE04EC0-301F-11D3-BF4B-00C04F79EFBC}") = "EF.DIService", "EF.DIService\EF.DIService.csproj", "{3B72103B-9317-4503-8874-3B64F4898EC5}"
EndProject
Global
	GlobalSection(SolutionConfigurationPlatforms) = preSolution
		Debug|Any CPU = Debug|Any CPU
		Release|Any CPU = Release|Any CPU
	EndGlobalSection
	GlobalSection(ProjectConfigurationPlatforms) = postSolution
		{07BAA1BF-32F5-41FC-89CE-6452EB11BD35}.Debug|Any CPU.ActiveCfg = Debug|Any CPU
		{07BAA1BF-32F5-41FC-89CE-6452EB11BD35}.Debug|Any CPU.Build.0 = Debug|Any CPU
		{07BAA1BF-32F5-41FC-89CE-6452EB11BD35}.Release|Any CPU.ActiveCfg = Release|Any CPU
		{07BAA1BF-32F5-41FC-89CE-6452EB11BD35}.Release|Any CPU.Build.0 = Release|Any CPU
		{3A38C4F1-144D-403D-9EF8-5F9C68EDD08C}.Debug|Any CPU.ActiveCfg = Debug|Any CPU
		{3A38C4F1-144D-403D-9EF8-5F9C68EDD08C}.Debug|Any CPU.Build.0 = Debug|Any CPU
		{3A38C4F1-144D-403D-9EF8-5F9C68EDD08C}.Release|Any CPU.ActiveCfg = Release|Any CPU
		{3A38C4F1-144D-403D-9EF8-5F9C68EDD08C}.Release|Any CPU.Build.0 = Release|Any CPU
		{F6506003-DDFF-4454-B6D4-4BBDE7003830}.Debug|Any CPU.ActiveCfg = Debug|Any CPU
		{F6506003-DDFF-4454-B6D4-4BBDE7003830}.Debug|Any CPU.Build.0 = Debug|Any CPU
		{F6506003-DDFF-4454-B6D4-4BBDE7003830}.Release|Any CPU.ActiveCfg = Release|Any CPU
		{F6506003-DDFF-4454-B6D4-4BBDE7003830}.Release|Any CPU.Build.0 = Release|Any CPU
		{580EA77A-66EE-4D13-A0E2-B282ABABAAA3}.Debug|Any CPU.ActiveCfg = Debug|Any CPU
		{580EA77A-66EE-4D13-A0E2-B282ABABAAA3}.Debug|Any CPU.Build.0 = Debug|Any CPU
		{580EA77A-66EE-4D13-A0E2-B282ABABAAA3}.Release|Any CPU.ActiveCfg = Release|Any CPU
		{580EA77A-66EE-4D13-A0E2-B282ABABAAA3}.Release|Any CPU.Build.0 = Release|Any CPU
		{F2BD2FDF-BF51-4BCB-A920-80FE351D0E8D}.Debug|Any CPU.ActiveCfg = Debug|Any CPU
		{F2BD2FDF-BF51-4BCB-A920-80FE351D0E8D}.Debug|Any CPU.Build.0 = Debug|Any CPU
		{F2BD2FDF-BF51-4BCB-A920-80FE351D0E8D}.Release|Any CPU.ActiveCfg = Release|Any CPU
		{F2BD2FDF-BF51-4BCB-A920-80FE351D0E8D}.Release|Any CPU.Build.0 = Release|Any CPU
		{3B72103B-9317-4503-8874-3B64F4898EC5}.Debug|Any CPU.ActiveCfg = Debug|Any CPU
		{3B72103B-9317-4503-8874-3B64F4898EC5}.Debug|Any CPU.Build.0 = Debug|Any CPU
		{3B72103B-9317-4503-8874-3B64F4898EC5}.Release|Any CPU.ActiveCfg = Release|Any CPU
		{3B72103B-9317-4503-8874-3B64F4898EC5}.Release|Any CPU.Build.0 = Release|Any CPU
	EndGlobalSection
	GlobalSection(SolutionProperties) = preSolution
		HideSolutionNode = FALSE
	EndGlobalSection
EndGlobal
